// !$*UTF8*$!
{
	archiveVersion = 1;
	classes = {
	};
	objectVersion = 48;
	objects = {

/* Begin PBXBuildFile section */
		2F2454AC1F96716300A97BAF /* GoogleService-Info.plist in Resources */ = {isa = PBXBuildFile; fileRef = 2F4F8FB71F9544390038275C /* GoogleService-Info.plist */; };
		2F4F8FA61F9544020038275C /* AppDelegate.swift in Sources */ = {isa = PBXBuildFile; fileRef = 2F4F8FA51F9544020038275C /* AppDelegate.swift */; };
		2F4F8FA81F9544020038275C /* ViewController.swift in Sources */ = {isa = PBXBuildFile; fileRef = 2F4F8FA71F9544020038275C /* ViewController.swift */; };
		2F4F8FAB1F9544020038275C /* Main.storyboard in Resources */ = {isa = PBXBuildFile; fileRef = 2F4F8FA91F9544020038275C /* Main.storyboard */; };
		2F4F8FAD1F9544020038275C /* Assets.xcassets in Resources */ = {isa = PBXBuildFile; fileRef = 2F4F8FAC1F9544020038275C /* Assets.xcassets */; };
		2F4F8FB01F9544020038275C /* LaunchScreen.storyboard in Resources */ = {isa = PBXBuildFile; fileRef = 2F4F8FAE1F9544020038275C /* LaunchScreen.storyboard */; };
		619AF0C170AA0957F20F1D64 /* Pods_Ass_1_Networks.framework in Frameworks */ = {isa = PBXBuildFile; fileRef = CEBE4DA3FDD532B6E241EB48 /* Pods_Ass_1_Networks.framework */; };
/* End PBXBuildFile section */

/* Begin PBXFileReference section */
		083B7C7D5EB692244FC52745 /* Pods-Ass_1_Networks.release.xcconfig */ = {isa = PBXFileReference; includeInIndex = 1; lastKnownFileType = text.xcconfig; name = "Pods-Ass_1_Networks.release.xcconfig"; path = "Pods/Target Support Files/Pods-Ass_1_Networks/Pods-Ass_1_Networks.release.xcconfig"; sourceTree = "<group>"; };
		2F4F8FA21F9544020038275C /* Ass_1_Networks.app */ = {isa = PBXFileReference; explicitFileType = wrapper.application; includeInIndex = 0; path = Ass_1_Networks.app; sourceTree = BUILT_PRODUCTS_DIR; };
		2F4F8FA51F9544020038275C /* AppDelegate.swift */ = {isa = PBXFileReference; lastKnownFileType = sourcecode.swift; path = AppDelegate.swift; sourceTree = "<group>"; };
		2F4F8FA71F9544020038275C /* ViewController.swift */ = {isa = PBXFileReference; lastKnownFileType = sourcecode.swift; path = ViewController.swift; sourceTree = "<group>"; usesTabs = 0; };
		2F4F8FAA1F9544020038275C /* Base */ = {isa = PBXFileReference; lastKnownFileType = file.storyboard; name = Base; path = Base.lproj/Main.storyboard; sourceTree = "<group>"; };
		2F4F8FAC1F9544020038275C /* Assets.xcassets */ = {isa = PBXFileReference; lastKnownFileType = folder.assetcatalog; path = Assets.xcassets; sourceTree = "<group>"; };
		2F4F8FAF1F9544020038275C /* Base */ = {isa = PBXFileReference; lastKnownFileType = file.storyboard; name = Base; path = Base.lproj/LaunchScreen.storyboard; sourceTree = "<group>"; };
		2F4F8FB11F9544020038275C /* Info.plist */ = {isa = PBXFileReference; lastKnownFileType = text.plist.xml; path = Info.plist; sourceTree = "<group>"; };
		2F4F8FB71F9544390038275C /* GoogleService-Info.plist */ = {isa = PBXFileReference; lastKnownFileType = text.plist.xml; path = "GoogleService-Info.plist"; sourceTree = "<group>"; };
		CEBE4DA3FDD532B6E241EB48 /* Pods_Ass_1_Networks.framework */ = {isa = PBXFileReference; explicitFileType = wrapper.framework; includeInIndex = 0; path = Pods_Ass_1_Networks.framework; sourceTree = BUILT_PRODUCTS_DIR; };
		E8D171E14CFFF24772292350 /* Pods-Ass_1_Networks.debug.xcconfig */ = {isa = PBXFileReference; includeInIndex = 1; lastKnownFileType = text.xcconfig; name = "Pods-Ass_1_Networks.debug.xcconfig"; path = "Pods/Target Support Files/Pods-Ass_1_Networks/Pods-Ass_1_Networks.debug.xcconfig"; sourceTree = "<group>"; };
/* End PBXFileReference section */

/* Begin PBXFrameworksBuildPhase section */
		2F4F8F9F1F9544020038275C /* Frameworks */ = {
			isa = PBXFrameworksBuildPhase;
			buildActionMask = 2147483647;
			files = (
				619AF0C170AA0957F20F1D64 /* Pods_Ass_1_Networks.framework in Frameworks */,
			);
			runOnlyForDeploymentPostprocessing = 0;
		};
/* End PBXFrameworksBuildPhase section */

/* Begin PBXGroup section */
		2BCCA46D9998B2DCCA04E022 /* Pods */ = {
			isa = PBXGroup;
			children = (
				E8D171E14CFFF24772292350 /* Pods-Ass_1_Networks.debug.xcconfig */,
				083B7C7D5EB692244FC52745 /* Pods-Ass_1_Networks.release.xcconfig */,
			);
			name = Pods;
			sourceTree = "<group>";
		};
		2F4F8F991F9544020038275C = {
			isa = PBXGroup;
			children = (
				2F4F8FA41F9544020038275C /* Ass_1_Networks */,
				2F4F8FA31F9544020038275C /* Products */,
				2BCCA46D9998B2DCCA04E022 /* Pods */,
				E1ADD2AD60CB0EECD3237135 /* Frameworks */,
			);
			sourceTree = "<group>";
		};
		2F4F8FA31F9544020038275C /* Products */ = {
			isa = PBXGroup;
			children = (
				2F4F8FA21F9544020038275C /* Ass_1_Networks.app */,
			);
			name = Products;
			sourceTree = "<group>";
		};
		2F4F8FA41F9544020038275C /* Ass_1_Networks */ = {
			isa = PBXGroup;
			children = (
				2F4F8FA51F9544020038275C /* AppDelegate.swift */,
				2F4F8FA71F9544020038275C /* ViewController.swift */,
				2F4F8FA91F9544020038275C /* Main.storyboard */,
				2F4F8FAC1F9544020038275C /* Assets.xcassets */,
				2F4F8FAE1F9544020038275C /* LaunchScreen.storyboard */,
				2F4F8FB11F9544020038275C /* Info.plist */,
				2F4F8FB71F9544390038275C /* GoogleService-Info.plist */,
			);
			path = Ass_1_Networks;
			sourceTree = "<group>";
		};
		E1ADD2AD60CB0EECD3237135 /* Frameworks */ = {
			isa = PBXGroup;
			children = (
				CEBE4DA3FDD532B6E241EB48 /* Pods_Ass_1_Networks.framework */,
			);
			name = Frameworks;
			sourceTree = "<group>";
		};
/* End PBXGroup section */

/* Begin PBXNativeTarget section */
		2F4F8FA11F9544020038275C /* Ass_1_Networks */ = {
			isa = PBXNativeTarget;
			buildConfigurationList = 2F4F8FB41F9544020038275C /* Build configuration list for PBXNativeTarget "Ass_1_Networks" */;
			buildPhases = (
				3968F1E668AC102048E238B6 /* [CP] Check Pods Manifest.lock */,
				2F4F8F9E1F9544020038275C /* Sources */,
				2F4F8F9F1F9544020038275C /* Frameworks */,
				2F4F8FA01F9544020038275C /* Resources */,
				1246C9477DAF371D706CB6C0 /* [CP] Embed Pods Frameworks */,
				4AC5C154C2E4D93C2CAE2AC7 /* [CP] Copy Pods Resources */,
			);
			buildRules = (
			);
			dependencies = (
			);
			name = Ass_1_Networks;
			productName = Ass_1_Networks;
			productReference = 2F4F8FA21F9544020038275C /* Ass_1_Networks.app */;
			productType = "com.apple.product-type.application";
		};
/* End PBXNativeTarget section */

/* Begin PBXProject section */
		2F4F8F9A1F9544020038275C /* Project object */ = {
			isa = PBXProject;
			attributes = {
				LastSwiftUpdateCheck = 0900;
				LastUpgradeCheck = 0900;
				ORGANIZATIONNAME = Whatever;
				TargetAttributes = {
					2F4F8FA11F9544020038275C = {
						CreatedOnToolsVersion = 9.0;
						ProvisioningStyle = Automatic;
					};
				};
			};
			buildConfigurationList = 2F4F8F9D1F9544020038275C /* Build configuration list for PBXProject "Ass_1_Networks" */;
			compatibilityVersion = "Xcode 8.0";
			developmentRegion = en;
			hasScannedForEncodings = 0;
			knownRegions = (
				en,
				Base,
			);
			mainGroup = 2F4F8F991F9544020038275C;
			productRefGroup = 2F4F8FA31F9544020038275C /* Products */;
			projectDirPath = "";
			projectRoot = "";
			targets = (
				2F4F8FA11F9544020038275C /* Ass_1_Networks */,
			);
		};
/* End PBXProject section */

/* Begin PBXResourcesBuildPhase section */
		2F4F8FA01F9544020038275C /* Resources */ = {
			isa = PBXResourcesBuildPhase;
			buildActionMask = 2147483647;
			files = (
				2F2454AC1F96716300A97BAF /* GoogleService-Info.plist in Resources */,
				2F4F8FB01F9544020038275C /* LaunchScreen.storyboard in Resources */,
				2F4F8FAD1F9544020038275C /* Assets.xcassets in Resources */,
				2F4F8FAB1F9544020038275C /* Main.storyboard in Resources */,
			);
			runOnlyForDeploymentPostprocessing = 0;
		};
/* End PBXResourcesBuildPhase section */

/* Begin PBXShellScriptBuildPhase section */
		1246C9477DAF371D706CB6C0 /* [CP] Embed Pods Frameworks */ = {
			isa = PBXShellScriptBuildPhase;
			buildActionMask = 2147483647;
			files = (
			);
			inputPaths = (
			);
			name = "[CP] Embed Pods Frameworks";
			outputPaths = (
			);
			runOnlyForDeploymentPostprocessing = 0;
			shellPath = /bin/sh;
			shellScript = "\"${SRCROOT}/Pods/Target Support Files/Pods-Ass_1_Networks/Pods-Ass_1_Networks-frameworks.sh\"\n";
			showEnvVarsInLog = 0;
		};
		3968F1E668AC102048E238B6 /* [CP] Check Pods Manifest.lock */ = {
			isa = PBXShellScriptBuildPhase;
			buildActionMask = 2147483647;
			files = (
			);
			inputPaths = (
			);
			name = "[CP] Check Pods Manifest.lock";
			outputPaths = (
			);
			runOnlyForDeploymentPostprocessing = 0;
			shellPath = /bin/sh;
			shellScript = "diff \"${PODS_ROOT}/../Podfile.lock\" \"${PODS_ROOT}/Manifest.lock\" > /dev/null\nif [ $? != 0 ] ; then\n    # print error to STDERR\n    echo \"error: The sandbox is not in sync with the Podfile.lock. Run 'pod install' or update your CocoaPods installation.\" >&2\n    exit 1\nfi\n";
			showEnvVarsInLog = 0;
		};
		4AC5C154C2E4D93C2CAE2AC7 /* [CP] Copy Pods Resources */ = {
			isa = PBXShellScriptBuildPhase;
			buildActionMask = 2147483647;
			files = (
			);
			inputPaths = (
			);
			name = "[CP] Copy Pods Resources";
			outputPaths = (
			);
			runOnlyForDeploymentPostprocessing = 0;
			shellPath = /bin/sh;
			shellScript = "\"${SRCROOT}/Pods/Target Support Files/Pods-Ass_1_Networks/Pods-Ass_1_Networks-resources.sh\"\n";
			showEnvVarsInLog = 0;
		};
/* End PBXShellScriptBuildPhase section */

/* Begin PBXSourcesBuildPhase section */
		2F4F8F9E1F9544020038275C /* Sources */ = {
			isa = PBXSourcesBuildPhase;
			buildActionMask = 2147483647;
			files = (
				2F4F8FA81F9544020038275C /* ViewController.swift in Sources */,
				2F4F8FA61F9544020038275C /* AppDelegate.swift in Sources */,
			);
			runOnlyForDeploymentPostprocessing = 0;
		};
/* End PBXSourcesBuildPhase section */

/* Begin PBXVariantGroup section */
		2F4F8FA91F9544020038275C /* Main.storyboard */ = {
			isa = PBXVariantGroup;
			children = (
				2F4F8FAA1F9544020038275C /* Base */,
			);
			name = Main.storyboard;
			sourceTree = "<group>";
		};
		2F4F8FAE1F9544020038275C /* LaunchScreen.storyboard */ = {
			isa = PBXVariantGroup;
			children = (
				2F4F8FAF1F9544020038275C /* Base */,
			);
			name = LaunchScreen.storyboard;
			sourceTree = "<group>";
		};
/* End PBXVariantGroup section */

/* Begin XCBuildConfiguration section */
		2F4F8FB21F9544020038275C /* Debug */ = {
			isa = XCBuildConfiguration;
			buildSettings = {
				ALWAYS_SEARCH_USER_PATHS = NO;
				CLANG_ANALYZER_NONNULL = YES;
				CLANG_ANALYZER_NUMBER_OBJECT_CONVERSION = YES_AGGRESSIVE;
				CLANG_CXX_LANGUAGE_STANDARD = "gnu++14";
				CLANG_CXX_LIBRARY = "libc++";
				CLANG_ENABLE_MODULES = YES;
				CLANG_ENABLE_OBJC_ARC = YES;
				CLANG_WARN_BLOCK_CAPTURE_AUTORELEASING = YES;
				CLANG_WARN_BOOL_CONVERSION = YES;
				CLANG_WARN_COMMA = YES;
				CLANG_WARN_CONSTANT_CONVERSION = YES;
				CLANG_WARN_DIRECT_OBJC_ISA_USAGE = YES_ERROR;
				CLANG_WARN_DOCUMENTATION_COMMENTS = YES;
				CLANG_WARN_EMPTY_BODY = YES;
				CLANG_WARN_ENUM_CONVERSION = YES;
				CLANG_WARN_INFINITE_RECURSION = YES;
				CLANG_WARN_INT_CONVERSION = YES;
				CLANG_WARN_NON_LITERAL_NULL_CONVERSION = YES;
				CLANG_WARN_OBJC_LITERAL_CONVERSION = YES;
				CLANG_WARN_OBJC_ROOT_CLASS = YES_ERROR;
				CLANG_WARN_RANGE_LOOP_ANALYSIS = YES;
				CLANG_WARN_STRICT_PROTOTYPES = YES;
				CLANG_WARN_SUSPICIOUS_MOVE = YES;
				CLANG_WARN_UNGUARDED_AVAILABILITY = YES_AGGRESSIVE;
				CLANG_WARN_UNREACHABLE_CODE = YES;
				CLANG_WARN__DUPLICATE_METHOD_MATCH = YES;
				CODE_SIGN_IDENTITY = "iPhone Developer";
				COPY_PHASE_STRIP = NO;
				DEBUG_INFORMATION_FORMAT = dwarf;
				ENABLE_STRICT_OBJC_MSGSEND = YES;
				ENABLE_TESTABILITY = YES;
				GCC_C_LANGUAGE_STANDARD = gnu11;
				GCC_DYNAMIC_NO_PIC = NO;
				GCC_NO_COMMON_BLOCKS = YES;
				GCC_OPTIMIZATION_LEVEL = 0;
				GCC_PREPROCESSOR_DEFINITIONS = (
					"DEBUG=1",
					"$(inherited)",
				);
				GCC_WARN_64_TO_32_BIT_CONVERSION = YES;
				GCC_WARN_ABOUT_RETURN_TYPE = YES_ERROR;
				GCC_WARN_UNDECLARED_SELECTOR = YES;
				GCC_WARN_UNINITIALIZED_AUTOS = YES_AGGRESSIVE;
				GCC_WARN_UNUSED_FUNCTION = YES;
				GCC_WARN_UNUSED_VARIABLE = YES;
				IPHONEOS_DEPLOYMENT_TARGET = 11.0;
				MTL_ENABLE_DEBUG_INFO = YES;
				ONLY_ACTIVE_ARCH = YES;
				SDKROOT = iphoneos;
				SWIFT_ACTIVE_COMPILATION_CONDITIONS = DEBUG;
				SWIFT_OPTIMIZATION_LEVEL = "-Onone";
			};
			name = Debug;
		};
		2F4F8FB31F9544020038275C /* Release */ = {
			isa = XCBuildConfiguration;
			buildSettings = {
				ALWAYS_SEARCH_USER_PATHS = NO;
				CLANG_ANALYZER_NONNULL = YES;
				CLANG_ANALYZER_NUMBER_OBJECT_CONVERSION = YES_AGGRESSIVE;
				CLANG_CXX_LANGUAGE_STANDARD = "gnu++14";
				CLANG_CXX_LIBRARY = "libc++";
				CLANG_ENABLE_MODULES = YES;
				CLANG_ENABLE_OBJC_ARC = YES;
				CLANG_WARN_BLOCK_CAPTURE_AUTORELEASING = YES;
				CLANG_WARN_BOOL_CONVERSION = YES;
				CLANG_WARN_COMMA = YES;
				CLANG_WARN_CONSTANT_CONVERSION = YES;
				CLANG_WARN_DIRECT_OBJC_ISA_USAGE = YES_ERROR;
				CLANG_WARN_DOCUMENTATION_COMMENTS = YES;
				CLANG_WARN_EMPTY_BODY = YES;
				CLANG_WARN_ENUM_CONVERSION = YES;
				CLANG_WARN_INFINITE_RECURSION = YES;
				CLANG_WARN_INT_CONVERSION = YES;
				CLANG_WARN_NON_LITERAL_NULL_CONVERSION = YES;
				CLANG_WARN_OBJC_LITERAL_CONVERSION = YES;
				CLANG_WARN_OBJC_ROOT_CLASS = YES_ERROR;
				CLANG_WARN_RANGE_LOOP_ANALYSIS = YES;
				CLANG_WARN_STRICT_PROTOTYPES = YES;
				CLANG_WARN_SUSPICIOUS_MOVE = YES;
				CLANG_WARN_UNGUARDED_AVAILABILITY = YES_AGGRESSIVE;
				CLANG_WARN_UNREACHABLE_CODE = YES;
				CLANG_WARN__DUPLICATE_METHOD_MATCH = YES;
				CODE_SIGN_IDENTITY = "iPhone Developer";
				COPY_PHASE_STRIP = NO;
				DEBUG_INFORMATION_FORMAT = "dwarf-with-dsym";
				ENABLE_NS_ASSERTIONS = NO;
				ENABLE_STRICT_OBJC_MSGSEND = YES;
				GCC_C_LANGUAGE_STANDARD = gnu11;
				GCC_NO_COMMON_BLOCKS = YES;
				GCC_WARN_64_TO_32_BIT_CONVERSION = YES;
				GCC_WARN_ABOUT_RETURN_TYPE = YES_ERROR;
				GCC_WARN_UNDECLARED_SELECTOR = YES;
				GCC_WARN_UNINITIALIZED_AUTOS = YES_AGGRESSIVE;
				GCC_WARN_UNUSED_FUNCTION = YES;
				GCC_WARN_UNUSED_VARIABLE = YES;
				IPHONEOS_DEPLOYMENT_TARGET = 11.0;
				MTL_ENABLE_DEBUG_INFO = NO;
				SDKROOT = iphoneos;
				SWIFT_OPTIMIZATION_LEVEL = "-Owholemodule";
				VALIDATE_PRODUCT = YES;
			};
			name = Release;
		};
		2F4F8FB51F9544020038275C /* Debug */ = {
			isa = XCBuildConfiguration;
			baseConfigurationReference = E8D171E14CFFF24772292350 /* Pods-Ass_1_Networks.debug.xcconfig */;
			buildSettings = {
				ASSETCATALOG_COMPILER_APPICON_NAME = AppIcon;
				CODE_SIGN_STYLE = Automatic;
				DEVELOPMENT_TEAM = JX556H8Q63;
				INFOPLIST_FILE = Ass_1_Networks/Info.plist;
				LD_RUNPATH_SEARCH_PATHS = "$(inherited) @executable_path/Frameworks";
				PRODUCT_BUNDLE_IDENTIFIER = "com.FreakFrank.Ass-1-Networks";
				PRODUCT_NAME = "$(TARGET_NAME)";
				SWIFT_VERSION = 4.0;
				TARGETED_DEVICE_FAMILY = "1,2";
			};
			name = Debug;
		};
		2F4F8FB61F9544020038275C /* Release */ = {
			isa = XCBuildConfiguration;
			baseConfigurationReference = 083B7C7D5EB692244FC52745 /* Pods-Ass_1_Networks.release.xcconfig */;
			buildSettings = {
				ASSETCATALOG_COMPILER_APPICON_NAME = AppIcon;
				CODE_SIGN_STYLE = Automatic;
				DEVELOPMENT_TEAM = JX556H8Q63;
				INFOPLIST_FILE = Ass_1_Networks/Info.plist;
				LD_RUNPATH_SEARCH_PATHS = "$(inherited) @executable_path/Frameworks";
				PRODUCT_BUNDLE_IDENTIFIER = "com.FreakFrank.Ass-1-Networks";
				PRODUCT_NAME = "$(TARGET_NAME)";
				SWIFT_VERSION = 4.0;
				TARGETED_DEVICE_FAMILY = "1,2";
			};
			name = Release;
		};
/* End XCBuildConfiguration section */

/* Begin XCConfigurationList section */
		2F4F8F9D1F9544020038275C /* Build configuration list for PBXProject "Ass_1_Networks" */ = {
			isa = XCConfigurationList;
			buildConfigurations = (
				2F4F8FB21F9544020038275C /* Debug */,
				2F4F8FB31F9544020038275C /* Release */,
			);
			defaultConfigurationIsVisible = 0;
			defaultConfigurationName = Release;
		};
		2F4F8FB41F9544020038275C /* Build configuration list for PBXNativeTarget "Ass_1_Networks" */ = {
			isa = XCConfigurationList;
			buildConfigurations = (
				2F4F8FB51F9544020038275C /* Debug */,
				2F4F8FB61F9544020038275C /* Release */,
			);
			defaultConfigurationIsVisible = 0;
			defaultConfigurationName = Release;
		};
/* End XCConfigurationList section */
	};
	rootObject = 2F4F8F9A1F9544020038275C /* Project object */;
}
